{
  "name": "example",
  "lockfileVersion": 2,
  "requires": true,
  "packages": {
    "": {
      "dependencies": {
        "@faddymichel/scenarist": "file:../module"
      }
    },
    "../module": {
      "version": "1.0.0",
      "license": "MIT"
    },
    "node_modules/@faddymichel/scenarist": {
      "resolved": "../module",
      "link": true
    }
  },
  "dependencies": {
    "@faddymichel/scenarist": {
      "version": "file:../module"
    }
  }
}
