{
  "name": "yallah",
  "version": "1.0.0",
  "lockfileVersion": 1,
  "requires": true,
  "dependencies": {
    "@teatro13/teatro": {
      "version": "1.0.5",
      "resolved": "https://registry.npmjs.org/@teatro13/teatro/-/teatro-1.0.5.tgz",
      "integrity": "sha512-9nzo+wIJUrGWA9K9cMUBJZY73o01lUmpgeZVcU1opxlzYIjWkVq+IBVSE4jC9TA3mDFi9AJaopg5H1BSL8nchA==",
      "requires": {
        "ws": "^7.2.1"
      }
    },
    "ws": {
      "version": "7.2.1",
      "resolved": "https://registry.npmjs.org/ws/-/ws-7.2.1.tgz",
      "integrity": "sha512-sucePNSafamSKoOqoNfBd8V0StlkzJKL2ZAhGQinCfNQ+oacw+Pk7lcdAElecBF2VkLNZRiIb5Oi1Q5lVUVt2A=="
    }
  }
}
