{
  "name": "@blindoutofmind/scenarist",
  "version": "1.0.0",
  "lockfileVersion": 2,
  "requires": true,
  "dev": true,
  "packages": {
    "": {
      "name": "@blindoutofmind/scenarist",
      "version": "1.0.0",
      "dev": true,
      "license": "MIT",
      "devDependencies": {
        "@blindoutofmind/scenarist": "file:./"
      }
    },
    "node_modules/@blindoutofmind/scenarist": {
      "link": true,
      "resolved": ""
    }
  },
  "dependencies": {
    "@blindoutofmind/scenarist": {
      "version": "file:",
      "requires": {
        "@blindoutofmind/scenarist": "file:"
      }
    }
  }
}
