{
  "name": "scenarist-examples",
  "version": "1.0.0",
  "lockfileVersion": 2,
  "requires": true,
  "packages": {
    "": {
      "name": "scenarist-examples",
      "version": "1.0.0",
      "license": "MIT",
      "dependencies": {
        "scenarist": "file:.."
      }
    },
    "..": {
      "version": "1.0.0",
      "license": "MIT"
    },
    "node_modules/scenarist": {
      "resolved": "..",
      "link": true
    }
  },
  "dependencies": {
    "scenarist": {
      "version": "file:.."
    }
  }
}
